
Microsoft Visual Studio Solution File, Format Version 12.00
# Visual Studio 15
VisualStudioVersion = 15.0.28307.106
MinimumVisualStudioVersion = 10.0.40219.1
Project("{FAE04EC0-301F-11D3-BF4B-00C04F79EFBC}") = "CarShop", "CarShop\CarShop.csproj", "{279AE22C-4DB8-4975-A34B-79F5054CA4EC}"
EndProject
Project("{FAE04EC0-301F-11D3-BF4B-00C04F79EFBC}") = "Tools", "Tools\Tools.csproj", "{92A86644-AEAB-4041-962E-024822754D22}"
EndProject
Global
	GlobalSection(SolutionConfigurationPlatforms) = preSolution
		Debug|Any CPU = Debug|Any CPU
		Release|Any CPU = Release|Any CPU
	EndGlobalSection
	GlobalSection(ProjectConfigurationPlatforms) = postSolution
		{279AE22C-4DB8-4975-A34B-79F5054CA4EC}.Debug|Any CPU.ActiveCfg = Debug|Any CPU
		{279AE22C-4DB8-4975-A34B-79F5054CA4EC}.Debug|Any CPU.Build.0 = Debug|Any CPU
		{279AE22C-4DB8-4975-A34B-79F5054CA4EC}.Release|Any CPU.ActiveCfg = Release|Any CPU
		{279AE22C-4DB8-4975-A34B-79F5054CA4EC}.Release|Any CPU.Build.0 = Release|Any CPU
		{92A86644-AEAB-4041-962E-024822754D22}.Debug|Any CPU.ActiveCfg = Debug|Any CPU
		{92A86644-AEAB-4041-962E-024822754D22}.Debug|Any CPU.Build.0 = Debug|Any CPU
		{92A86644-AEAB-4041-962E-024822754D22}.Release|Any CPU.ActiveCfg = Release|Any CPU
		{92A86644-AEAB-4041-962E-024822754D22}.Release|Any CPU.Build.0 = Release|Any CPU
	EndGlobalSection
	GlobalSection(SolutionProperties) = preSolution
		HideSolutionNode = FALSE
	EndGlobalSection
	GlobalSection(ExtensibilityGlobals) = postSolution
		SolutionGuid = {BC96AE3F-6CFE-4F56-A45A-2D1D0CE23EBF}
	EndGlobalSection
EndGlobal
